
Microsoft Visual Studio Solution File, Format Version 12.00
# Visual Studio 15
VisualStudioVersion = 15.0.27130.2027
MinimumVisualStudioVersion = 10.0.40219.1
Project("{FAE04EC0-301F-11D3-BF4B-00C04F79EFBC}") = "ustaadG1", "ustaadG1\ustaadG1.csproj", "{06DF8E45-5ADE-4C03-9E84-8DEF3882C9E2}"
EndProject
Global
	GlobalSection(SolutionConfigurationPlatforms) = preSolution
		Debug|Any CPU = Debug|Any CPU
		Release|Any CPU = Release|Any CPU
	EndGlobalSection
	GlobalSection(ProjectConfigurationPlatforms) = postSolution
		{06DF8E45-5ADE-4C03-9E84-8DEF3882C9E2}.Debug|Any CPU.ActiveCfg = Debug|Any CPU
		{06DF8E45-5ADE-4C03-9E84-8DEF3882C9E2}.Debug|Any CPU.Build.0 = Debug|Any CPU
		{06DF8E45-5ADE-4C03-9E84-8DEF3882C9E2}.Release|Any CPU.ActiveCfg = Release|Any CPU
		{06DF8E45-5ADE-4C03-9E84-8DEF3882C9E2}.Release|Any CPU.Build.0 = Release|Any CPU
	EndGlobalSection
	GlobalSection(SolutionProperties) = preSolution
		HideSolutionNode = FALSE
	EndGlobalSection
	GlobalSection(ExtensibilityGlobals) = postSolution
		SolutionGuid = {EFB827FE-A2B4-4D51-BA90-CDF5B51CF7DA}
	EndGlobalSection
EndGlobal
