
Microsoft Visual Studio Solution File, Format Version 12.00
# Visual Studio 15
VisualStudioVersion = 15.0.27130.2027
MinimumVisualStudioVersion = 10.0.40219.1
Project("{FAE04EC0-301F-11D3-BF4B-00C04F79EFBC}") = "Ustaad G Service1", "Ustaad G Service1\Ustaad G Service1.csproj", "{2BEB2A16-6EA0-4520-B8C5-0F49C8DE5F49}"
EndProject
Global
	GlobalSection(SolutionConfigurationPlatforms) = preSolution
		Debug|Any CPU = Debug|Any CPU
		Release|Any CPU = Release|Any CPU
	EndGlobalSection
	GlobalSection(ProjectConfigurationPlatforms) = postSolution
		{2BEB2A16-6EA0-4520-B8C5-0F49C8DE5F49}.Debug|Any CPU.ActiveCfg = Debug|Any CPU
		{2BEB2A16-6EA0-4520-B8C5-0F49C8DE5F49}.Debug|Any CPU.Build.0 = Debug|Any CPU
		{2BEB2A16-6EA0-4520-B8C5-0F49C8DE5F49}.Release|Any CPU.ActiveCfg = Release|Any CPU
		{2BEB2A16-6EA0-4520-B8C5-0F49C8DE5F49}.Release|Any CPU.Build.0 = Release|Any CPU
	EndGlobalSection
	GlobalSection(SolutionProperties) = preSolution
		HideSolutionNode = FALSE
	EndGlobalSection
	GlobalSection(ExtensibilityGlobals) = postSolution
		SolutionGuid = {62944413-C1AE-4E6F-87EF-BEF54FA190FB}
	EndGlobalSection
EndGlobal
